
Microsoft Visual Studio Solution File, Format Version 12.00
# Visual Studio 15
VisualStudioVersion = 15.0.27004.2009
MinimumVisualStudioVersion = 10.0.40219.1
Project("{FAE04EC0-301F-11D3-BF4B-00C04F79EFBC}") = "PB_AngularCore", "PB_AngularCore\PB_AngularCore.csproj", "{D2077DCC-6D74-4C79-B964-CC3E91605515}"
EndProject
Global
	GlobalSection(SolutionConfigurationPlatforms) = preSolution
		Debug|Any CPU = Debug|Any CPU
		Release|Any CPU = Release|Any CPU
	EndGlobalSection
	GlobalSection(ProjectConfigurationPlatforms) = postSolution
		{D2077DCC-6D74-4C79-B964-CC3E91605515}.Debug|Any CPU.ActiveCfg = Debug|Any CPU
		{D2077DCC-6D74-4C79-B964-CC3E91605515}.Debug|Any CPU.Build.0 = Debug|Any CPU
		{D2077DCC-6D74-4C79-B964-CC3E91605515}.Release|Any CPU.ActiveCfg = Release|Any CPU
		{D2077DCC-6D74-4C79-B964-CC3E91605515}.Release|Any CPU.Build.0 = Release|Any CPU
	EndGlobalSection
	GlobalSection(SolutionProperties) = preSolution
		HideSolutionNode = FALSE
	EndGlobalSection
	GlobalSection(ExtensibilityGlobals) = postSolution
		SolutionGuid = {60DA7D30-6195-4DBB-8444-66B7B28CA91C}
	EndGlobalSection
EndGlobal
